<?xml version="1.0" encoding="utf-8"?>
<Project ToolsVersion="4.0" xmlns="http://schemas.microsoft.com/developer/msbuild/2003">
  <ItemGroup>
    <Filter Include="Source Files">
      <UniqueIdentifier>{d0946682-5633-4ba5-a116-f502fef248e0}</UniqueIdentifier>
      <Extensions>cpp;c;cxx;rc;def;r;odl;idl;hpj;bat</Extensions>
    </Filter>
    <Filter Include="Header Files">
      <UniqueIdentifier>{84d3df23-e6c2-4282-912b-beaa70884c47}</UniqueIdentifier>
      <Extensions>h;hpp;hxx;hm;inl</Extensions>
    </Filter>
    <Filter Include="Resource Files">
      <UniqueIdentifier>{c45dfb0d-cec3-478d-8a63-82500161ae85}</UniqueIdentifier>
      <Extensions>ico;cur;bmp;dlg;rc2;rct;bin;cnt;rtf;gif;jpg;jpeg;jpe</Extensions>
    </Filter>
  </ItemGroup>
  <ItemGroup>
    <ClCompile Include="..\Common\About.cpp">
      <Filter>Source Files</Filter>
    </ClCompile>
    <ClCompile Include="CDUServer.cpp">
      <Filter>Source Files</Filter>
    </ClCompile>
    <ClCompile Include="CDUServerDlg.cpp">
      <Filter>Source Files</Filter>
    </ClCompile>
    <ClCompile Include="..\Common\CONNECTS.CPP">
      <Filter>Source Files</Filter>
    </ClCompile>
    <ClCompile Include="..\Common\Convert.cpp">
      <Filter>Source Files</Filter>
    </ClCompile>
    <ClCompile Include="..\Common\ErrorString.cpp">
      <Filter>Source Files</Filter>
    </ClCompile>
    <ClCompile Include="LISTENS.CPP">
      <Filter>Source Files</Filter>
    </ClCompile>
    <ClCompile Include="..\Common\Log.cpp">
      <Filter>Source Files</Filter>
    </ClCompile>
    <ClCompile Include="ServerSocket.cpp">
      <Filter>Source Files</Filter>
    </ClCompile>
    <ClCompile Include="ServerT.cpp">
      <Filter>Source Files</Filter>
    </ClCompile>
    <ClCompile Include="..\Common\SocketThread.cpp">
      <Filter>Source Files</Filter>
    </ClCompile>
    <ClCompile Include="StdAfx.cpp">
      <Filter>Source Files</Filter>
    </ClCompile>
    <ClCompile Include="..\Common\TracePacket.cpp">
      <Filter>Source Files</Filter>
    </ClCompile>
    <ClCompile Include="..\Common\UnicodeFont.cpp">
      <Filter>Source Files</Filter>
    </ClCompile>
    <ClCompile Include="SimComm.cpp">
      <Filter>Source Files</Filter>
    </ClCompile>
  </ItemGroup>
  <ItemGroup>
    <ResourceCompile Include="CDUServer.rc">
      <Filter>Source Files</Filter>
    </ResourceCompile>
  </ItemGroup>
  <ItemGroup>
    <ClInclude Include="CDUServer.h">
      <Filter>Header Files</Filter>
    </ClInclude>
    <ClInclude Include="CDUServerDlg.h">
      <Filter>Header Files</Filter>
    </ClInclude>
    <ClInclude Include="LISTENS.H">
      <Filter>Header Files</Filter>
    </ClInclude>
    <ClInclude Include="Resource.h">
      <Filter>Header Files</Filter>
    </ClInclude>
    <ClInclude Include="ServerSocket.h">
      <Filter>Header Files</Filter>
    </ClInclude>
    <ClInclude Include="ServerT.h">
      <Filter>Header Files</Filter>
    </ClInclude>
    <ClInclude Include="StdAfx.h">
      <Filter>Header Files</Filter>
    </ClInclude>
    <ClInclude Include="SimComm.h">
      <Filter>Header Files</Filter>
    </ClInclude>
    <ClInclude Include="..\Common\inc\About.h">
      <Filter>Header Files</Filter>
    </ClInclude>
    <ClInclude Include="..\Common\inc\CONNECTS.H">
      <Filter>Header Files</Filter>
    </ClInclude>
    <ClInclude Include="..\Common\inc\Convert.h">
      <Filter>Header Files</Filter>
    </ClInclude>
    <ClInclude Include="..\Common\inc\ErrorString.h">
      <Filter>Header Files</Filter>
    </ClInclude>
    <ClInclude Include="..\Common\inc\Log.h">
      <Filter>Header Files</Filter>
    </ClInclude>
    <ClInclude Include="..\Common\inc\messages.h">
      <Filter>Header Files</Filter>
    </ClInclude>
    <ClInclude Include="..\Common\inc\port.h">
      <Filter>Header Files</Filter>
    </ClInclude>
    <ClInclude Include="..\Common\inc\SocketThread.h">
      <Filter>Header Files</Filter>
    </ClInclude>
    <ClInclude Include="..\Common\inc\UnicodeFont.h">
      <Filter>Header Files</Filter>
    </ClInclude>
    <ClInclude Include="..\Common\inc\TracePacket.h">
      <Filter>Resource Files</Filter>
    </ClInclude>
  </ItemGroup>
  <ItemGroup>
    <None Include="res\CDUServer.rc">
      <Filter>Resource Files</Filter>
    </None>
  </ItemGroup>
  <ItemGroup>
    <Image Include="res\CDUServer.ico">
      <Filter>Resource Files</Filter>
    </Image>
  </ItemGroup>
</Project>