<?xml version="1.0" encoding="utf-8"?>
<Project ToolsVersion="4.0" xmlns="http://schemas.microsoft.com/developer/msbuild/2003">
  <ItemGroup>
    <Filter Include="Source Files">
      <UniqueIdentifier>{18bf9cde-9a4d-4e67-afe9-9d1f6bcca9e4}</UniqueIdentifier>
      <Extensions>cpp;c;cxx;rc;def;r;odl;idl;hpj;bat</Extensions>
    </Filter>
    <Filter Include="Header Files">
      <UniqueIdentifier>{25db7b5f-66fc-4d1f-bce0-cf409c6c722c}</UniqueIdentifier>
      <Extensions>h;hpp;hxx;hm;inl</Extensions>
    </Filter>
    <Filter Include="Resource Files">
      <UniqueIdentifier>{08b7cf0e-a42a-4563-9a9e-2e59dcfbe634}</UniqueIdentifier>
      <Extensions>ico;cur;bmp;dlg;rc2;rct;bin;cnt;rtf;gif;jpg;jpeg;jpe</Extensions>
    </Filter>
  </ItemGroup>
  <ItemGroup>
    <ClCompile Include="..\Common\About.cpp">
      <Filter>Source Files</Filter>
    </ClCompile>
    <ClCompile Include="CDUClient.cpp">
      <Filter>Source Files</Filter>
    </ClCompile>
    <ClCompile Include="CDUClientDlg.cpp">
      <Filter>Source Files</Filter>
    </ClCompile>
    <ClCompile Include="ClientSocket.cpp">
      <Filter>Source Files</Filter>
    </ClCompile>
    <ClCompile Include="ClientT.cpp">
      <Filter>Source Files</Filter>
    </ClCompile>
    <ClCompile Include="..\Common\CONNECTS.CPP">
      <Filter>Source Files</Filter>
    </ClCompile>
    <ClCompile Include="..\Common\Convert.cpp">
      <Filter>Source Files</Filter>
    </ClCompile>
    <ClCompile Include="..\Common\ErrorString.cpp">
      <Filter>Source Files</Filter>
    </ClCompile>
    <ClCompile Include="..\Common\Log.cpp">
      <Filter>Source Files</Filter>
    </ClCompile>
    <ClCompile Include="..\Common\SocketThread.cpp">
      <Filter>Source Files</Filter>
    </ClCompile>
    <ClCompile Include="StdAfx.cpp">
      <Filter>Source Files</Filter>
    </ClCompile>
    <ClCompile Include="..\Common\TracePacket.cpp">
      <Filter>Source Files</Filter>
    </ClCompile>
    <ClCompile Include="..\Common\UnicodeFont.cpp">
      <Filter>Source Files</Filter>
    </ClCompile>
  </ItemGroup>
  <ItemGroup>
    <ResourceCompile Include="CDUClient.rc">
      <Filter>Source Files</Filter>
    </ResourceCompile>
  </ItemGroup>
  <ItemGroup>
    <ClInclude Include="..\include\About.h">
      <Filter>Header Files</Filter>
    </ClInclude>
    <ClInclude Include="CDUClient.h">
      <Filter>Header Files</Filter>
    </ClInclude>
    <ClInclude Include="CDUClientDlg.h">
      <Filter>Header Files</Filter>
    </ClInclude>
    <ClInclude Include="ClientT.h">
      <Filter>Header Files</Filter>
    </ClInclude>
    <ClInclude Include="CONNECTS.H">
      <Filter>Header Files</Filter>
    </ClInclude>
    <ClInclude Include="..\include\Log.h">
      <Filter>Header Files</Filter>
    </ClInclude>
    <ClInclude Include="Resource.h">
      <Filter>Header Files</Filter>
    </ClInclude>
    <ClInclude Include="..\include\SocketThread.h">
      <Filter>Header Files</Filter>
    </ClInclude>
    <ClInclude Include="StdAfx.h">
      <Filter>Header Files</Filter>
    </ClInclude>
    <ClInclude Include="..\include\TracePacket.h">
      <Filter>Header Files</Filter>
    </ClInclude>
  </ItemGroup>
  <ItemGroup>
    <Text Include="ReadMe.txt" />
  </ItemGroup>
  <ItemGroup>
    <None Include="res\CDUClient.rc">
      <Filter>Resource Files</Filter>
    </None>
  </ItemGroup>
  <ItemGroup>
    <Image Include="res\CDUClient.ico">
      <Filter>Resource Files</Filter>
    </Image>
  </ItemGroup>
</Project>